
Microsoft Visual Studio Solution File, Format Version 12.00
# Visual Studio Version 16
VisualStudioVersion = 16.0.30611.23
MinimumVisualStudioVersion = 10.0.40219.1
Project("{FAE04EC0-301F-11D3-BF4B-00C04F79EFBC}") = "TextRpg001", "TextRpg001\TextRpg001.csproj", "{7866C820-FF73-41CB-8791-A4D2F2D885B2}"
EndProject
Project("{9A19103F-16F7-4668-BE54-9A1E7A4F7556}") = "Inventory", "Inventory\Inventory.csproj", "{BA5959F5-340B-4592-841D-2039474AF4E9}"
EndProject
Project("{FAE04EC0-301F-11D3-BF4B-00C04F79EFBC}") = "Tetris", "Tetris\Tetris.csproj", "{E35C1E41-CC9C-423D-B280-EF2A8B5B3033}"
EndProject
Global
	GlobalSection(SolutionConfigurationPlatforms) = preSolution
		Debug|Any CPU = Debug|Any CPU
		Release|Any CPU = Release|Any CPU
	EndGlobalSection
	GlobalSection(ProjectConfigurationPlatforms) = postSolution
		{7866C820-FF73-41CB-8791-A4D2F2D885B2}.Debug|Any CPU.ActiveCfg = Debug|Any CPU
		{7866C820-FF73-41CB-8791-A4D2F2D885B2}.Debug|Any CPU.Build.0 = Debug|Any CPU
		{7866C820-FF73-41CB-8791-A4D2F2D885B2}.Release|Any CPU.ActiveCfg = Release|Any CPU
		{7866C820-FF73-41CB-8791-A4D2F2D885B2}.Release|Any CPU.Build.0 = Release|Any CPU
		{BA5959F5-340B-4592-841D-2039474AF4E9}.Debug|Any CPU.ActiveCfg = Debug|Any CPU
		{BA5959F5-340B-4592-841D-2039474AF4E9}.Debug|Any CPU.Build.0 = Debug|Any CPU
		{BA5959F5-340B-4592-841D-2039474AF4E9}.Release|Any CPU.ActiveCfg = Release|Any CPU
		{BA5959F5-340B-4592-841D-2039474AF4E9}.Release|Any CPU.Build.0 = Release|Any CPU
		{E35C1E41-CC9C-423D-B280-EF2A8B5B3033}.Debug|Any CPU.ActiveCfg = Debug|Any CPU
		{E35C1E41-CC9C-423D-B280-EF2A8B5B3033}.Debug|Any CPU.Build.0 = Debug|Any CPU
		{E35C1E41-CC9C-423D-B280-EF2A8B5B3033}.Release|Any CPU.ActiveCfg = Release|Any CPU
		{E35C1E41-CC9C-423D-B280-EF2A8B5B3033}.Release|Any CPU.Build.0 = Release|Any CPU
	EndGlobalSection
	GlobalSection(SolutionProperties) = preSolution
		HideSolutionNode = FALSE
	EndGlobalSection
	GlobalSection(ExtensibilityGlobals) = postSolution
		SolutionGuid = {70422F3D-FAE1-4A73-94A9-06EE6DFD3C99}
	EndGlobalSection
EndGlobal
